
Microsoft Visual Studio Solution File, Format Version 12.00
# Visual Studio 15
VisualStudioVersion = 15.0.27428.2037
MinimumVisualStudioVersion = 10.0.40219.1
Project("{FAE04EC0-301F-11D3-BF4B-00C04F79EFBC}") = "Denis-Snake", "Denis-Snake\Denis-Snake.csproj", "{915257CD-9BA4-4989-A54F-AA060EC458AB}"
EndProject
Global
	GlobalSection(SolutionConfigurationPlatforms) = preSolution
		Debug|Any CPU = Debug|Any CPU
		Release|Any CPU = Release|Any CPU
	EndGlobalSection
	GlobalSection(ProjectConfigurationPlatforms) = postSolution
		{915257CD-9BA4-4989-A54F-AA060EC458AB}.Debug|Any CPU.ActiveCfg = Debug|Any CPU
		{915257CD-9BA4-4989-A54F-AA060EC458AB}.Debug|Any CPU.Build.0 = Debug|Any CPU
		{915257CD-9BA4-4989-A54F-AA060EC458AB}.Release|Any CPU.ActiveCfg = Release|Any CPU
		{915257CD-9BA4-4989-A54F-AA060EC458AB}.Release|Any CPU.Build.0 = Release|Any CPU
	EndGlobalSection
	GlobalSection(SolutionProperties) = preSolution
		HideSolutionNode = FALSE
	EndGlobalSection
	GlobalSection(ExtensibilityGlobals) = postSolution
		SolutionGuid = {0E990300-7FF3-4287-8C8F-FD2AF2266048}
	EndGlobalSection
EndGlobal
